{
  "version": 4,
  "terraform_version": "1.5.7",
  "serial": 54,
  "lineage": "d942dddf-706d-e4bc-5fb5-cd8c13987e5c",
  "outputs": {
    "api_endpoint": {
      "value": "https://xin9h60w6e.execute-api.us-east-1.amazonaws.com/dev",
      "type": "string"
    },
    "authenticated_role_arn": {
      "value": "arn:aws:iam::409365783261:role/UpCount-dev-IdentityPool-authenticated-role",
      "type": "string"
    },
    "goals_table_name": {
      "value": "UpCount-dev-Goals",
      "type": "string"
    },
    "identity_pool_id": {
      "value": "us-east-1:bb8a0a2c-4d5f-433d-bcfe-7aef65331faf",
      "type": "string"
    },
    "lambda_function_arns": {
      "value": {
        "createGoal": "arn:aws:lambda:us-east-1:409365783261:function:UpCount-dev-createGoal",
        "getUser": "arn:aws:lambda:us-east-1:409365783261:function:UpCount-dev-getUser"
      },
      "type": [
        "object",
        {
          "createGoal": "string",
          "getUser": "string"
        }
      ]
    },
    "lambda_function_names": {
      "value": {
        "createGoal": "UpCount-dev-createGoal",
        "getUser": "UpCount-dev-getUser"
      },
      "type": [
        "object",
        {
          "createGoal": "string",
          "getUser": "string"
        }
      ]
    },
    "lambda_invoke_arns": {
      "value": {
        "createGoal": "arn:aws:apigateway:us-east-1:lambda:path/2015-03-31/functions/arn:aws:lambda:us-east-1:409365783261:function:UpCount-dev-createGoal/invocations",
        "getUser": "arn:aws:apigateway:us-east-1:lambda:path/2015-03-31/functions/arn:aws:lambda:us-east-1:409365783261:function:UpCount-dev-getUser/invocations"
      },
      "type": [
        "object",
        {
          "createGoal": "string",
          "getUser": "string"
        }
      ]
    },
    "logs_table_name": {
      "value": "UpCount-dev-Logs",
      "type": "string"
    },
    "mobile_client_id": {
      "value": "3hnuaau7ttv2j1lm1qgv3mp8dl",
      "type": "string"
    },
    "storage_bucket_domain_name": {
      "value": "upcount-dev-storage-655c0be7.s3.amazonaws.com",
      "type": "string"
    },
    "storage_bucket_name": {
      "value": "upcount-dev-storage-655c0be7",
      "type": "string"
    },
    "user_pool_endpoint": {
      "value": "cognito-idp.us-east-1.amazonaws.com/us-east-1_65jZmVv9N",
      "type": "string"
    },
    "user_pool_id": {
      "value": "us-east-1_65jZmVv9N",
      "type": "string"
    },
    "users_table_name": {
      "value": "UpCount-dev-Users",
      "type": "string"
    },
    "web_client_id": {
      "value": "619sj90c9tule6r1o308skvm4i",
      "type": "string"
    }
  },
  "resources": [
    {
      "mode": "managed",
      "type": "random_id",
      "name": "bucket_suffix",
      "provider": "provider[\"registry.terraform.io/hashicorp/random\"]",
      "instances": [
        {
          "schema_version": 0,
          "attributes": {
            "b64_std": "ZVwL5w==",
            "b64_url": "ZVwL5w",
            "byte_length": 4,
            "dec": "1700531175",
            "hex": "655c0be7",
            "id": "ZVwL5w",
            "keepers": null,
            "prefix": null
          },
          "sensitive_attributes": []
        }
      ]
    },
    {
      "module": "module.api_gateway",
      "mode": "managed",
      "type": "aws_apigatewayv2_api",
      "name": "api",
      "provider": "provider[\"registry.terraform.io/hashicorp/aws\"]",
      "instances": [
        {
          "schema_version": 0,
          "attributes": {
            "api_endpoint": "https://xin9h60w6e.execute-api.us-east-1.amazonaws.com",
            "api_key_selection_expression": "$request.header.x-api-key",
            "arn": "arn:aws:apigateway:us-east-1::/apis/xin9h60w6e",
            "body": null,
            "cors_configuration": [
              {
                "allow_credentials": false,
                "allow_headers": [
                  "authorization",
                  "content-type",
                  "x-amz-date",
                  "x-amz-security-token",
                  "x-api-key"
                ],
                "allow_methods": [
                  "DELETE",
                  "GET",
                  "OPTIONS",
                  "POST",
                  "PUT"
                ],
                "allow_origins": [
                  "*"
                ],
                "expose_headers": [],
                "max_age": 300
              }
            ],
            "credentials_arn": null,
            "description": "API Gateway for UpCount application",
            "disable_execute_api_endpoint": false,
            "execution_arn": "arn:aws:execute-api:us-east-1:409365783261:xin9h60w6e",
            "fail_on_warnings": null,
            "id": "xin9h60w6e",
            "ip_address_type": "ipv4",
            "name": "UpCount-dev-API",
            "protocol_type": "HTTP",
            "route_key": null,
            "route_selection_expression": "$request.method $request.path",
            "tags": {
              "Environment": "dev",
              "ManagedBy": "Terraform",
              "Name": "UpCount-dev-API",
              "Project": "UpCount"
            },
            "tags_all": {
              "Environment": "dev",
              "ManagedBy": "Terraform",
              "Name": "UpCount-dev-API",
              "Project": "UpCount"
            },
            "target": null,
            "version": ""
          },
          "sensitive_attributes": [],
          "private": "bnVsbA==",
          "dependencies": [
            "module.cognito.aws_cognito_user_pool.user_pool",
            "module.cognito.aws_cognito_user_pool_client.mobile_client",
            "module.cognito.aws_cognito_user_pool_client.web_client",
            "module.dynamodb.aws_dynamodb_table.goals_table",
            "module.dynamodb.aws_dynamodb_table.logs_table",
            "module.dynamodb.aws_dynamodb_table.users_table",
            "module.lambda.aws_cloudwatch_log_group.lambda_log_group",
            "module.lambda.aws_iam_policy.lambda_execution_policy",
            "module.lambda.aws_iam_role.lambda_role",
            "module.lambda.aws_iam_role_policy_attachment.lambda_managed_policy_attachment",
            "module.lambda.aws_iam_role_policy_attachment.lambda_policy_attachment",
            "module.lambda.aws_lambda_function.function",
            "module.lambda.aws_lambda_permission.api_gateway_permission",
            "module.lambda.data.archive_file.function_archives",
            "module.s3.aws_s3_bucket.app_bucket",
            "random_id.bucket_suffix"
          ]
        }
      ]
    },
    {
      "module": "module.api_gateway",
      "mode": "managed",
      "type": "aws_apigatewayv2_integration",
      "name": "lambda_integration",
      "provider": "provider[\"registry.terraform.io/hashicorp/aws\"]",
      "instances": [
        {
          "index_key": "createGoal",
          "schema_version": 0,
          "attributes": {
            "api_id": "xin9h60w6e",
            "connection_id": "",
            "connection_type": "INTERNET",
            "content_handling_strategy": "",
            "credentials_arn": "",
            "description": "",
            "id": "gcs5d3l",
            "integration_method": "POST",
            "integration_response_selection_expression": "",
            "integration_subtype": "",
            "integration_type": "AWS_PROXY",
            "integration_uri": "arn:aws:apigateway:us-east-1:lambda:path/2015-03-31/functions/arn:aws:lambda:us-east-1:409365783261:function:UpCount-dev-createGoal/invocations",
            "passthrough_behavior": "",
            "payload_format_version": "2.0",
            "request_parameters": {},
            "request_templates": {},
            "response_parameters": [],
            "template_selection_expression": "",
            "timeout_milliseconds": 30000,
            "tls_config": []
          },
          "sensitive_attributes": [],
          "private": "bnVsbA==",
          "dependencies": [
            "module.api_gateway.aws_apigatewayv2_api.api",
            "module.cognito.aws_cognito_user_pool.user_pool",
            "module.cognito.aws_cognito_user_pool_client.mobile_client",
            "module.cognito.aws_cognito_user_pool_client.web_client",
            "module.dynamodb.aws_dynamodb_table.goals_table",
            "module.dynamodb.aws_dynamodb_table.logs_table",
            "module.dynamodb.aws_dynamodb_table.users_table",
            "module.lambda.aws_cloudwatch_log_group.lambda_log_group",
            "module.lambda.aws_iam_policy.lambda_execution_policy",
            "module.lambda.aws_iam_role.lambda_role",
            "module.lambda.aws_iam_role_policy_attachment.lambda_managed_policy_attachment",
            "module.lambda.aws_iam_role_policy_attachment.lambda_policy_attachment",
            "module.lambda.aws_lambda_function.function",
            "module.lambda.aws_lambda_permission.api_gateway_permission",
            "module.lambda.data.archive_file.function_archives",
            "module.s3.aws_s3_bucket.app_bucket",
            "random_id.bucket_suffix"
          ]
        },
        {
          "index_key": "getUser",
          "schema_version": 0,
          "attributes": {
            "api_id": "xin9h60w6e",
            "connection_id": "",
            "connection_type": "INTERNET",
            "content_handling_strategy": "",
            "credentials_arn": "",
            "description": "",
            "id": "3lsh2qq",
            "integration_method": "POST",
            "integration_response_selection_expression": "",
            "integration_subtype": "",
            "integration_type": "AWS_PROXY",
            "integration_uri": "arn:aws:apigateway:us-east-1:lambda:path/2015-03-31/functions/arn:aws:lambda:us-east-1:409365783261:function:UpCount-dev-getUser/invocations",
            "passthrough_behavior": "",
            "payload_format_version": "2.0",
            "request_parameters": {},
            "request_templates": {},
            "response_parameters": [],
            "template_selection_expression": "",
            "timeout_milliseconds": 30000,
            "tls_config": []
          },
          "sensitive_attributes": [],
          "private": "bnVsbA==",
          "dependencies": [
            "module.api_gateway.aws_apigatewayv2_api.api",
            "module.cognito.aws_cognito_user_pool.user_pool",
            "module.cognito.aws_cognito_user_pool_client.mobile_client",
            "module.cognito.aws_cognito_user_pool_client.web_client",
            "module.dynamodb.aws_dynamodb_table.goals_table",
            "module.dynamodb.aws_dynamodb_table.logs_table",
            "module.dynamodb.aws_dynamodb_table.users_table",
            "module.lambda.aws_cloudwatch_log_group.lambda_log_group",
            "module.lambda.aws_iam_policy.lambda_execution_policy",
            "module.lambda.aws_iam_role.lambda_role",
            "module.lambda.aws_iam_role_policy_attachment.lambda_managed_policy_attachment",
            "module.lambda.aws_iam_role_policy_attachment.lambda_policy_attachment",
            "module.lambda.aws_lambda_function.function",
            "module.lambda.aws_lambda_permission.api_gateway_permission",
            "module.lambda.data.archive_file.function_archives",
            "module.s3.aws_s3_bucket.app_bucket",
            "random_id.bucket_suffix"
          ]
        }
      ]
    },
    {
      "module": "module.api_gateway",
      "mode": "managed",
      "type": "aws_apigatewayv2_route",
      "name": "lambda_route",
      "provider": "provider[\"registry.terraform.io/hashicorp/aws\"]",
      "instances": [
        {
          "index_key": "createGoal",
          "schema_version": 0,
          "attributes": {
            "api_id": "xin9h60w6e",
            "api_key_required": false,
            "authorization_scopes": null,
            "authorization_type": "NONE",
            "authorizer_id": "",
            "id": "ihxbxjf",
            "model_selection_expression": "",
            "operation_name": "",
            "request_models": null,
            "request_parameter": [],
            "route_key": "POST /goals",
            "route_response_selection_expression": "",
            "target": "integrations/gcs5d3l"
          },
          "sensitive_attributes": [],
          "private": "bnVsbA==",
          "dependencies": [
            "module.api_gateway.aws_apigatewayv2_api.api",
            "module.api_gateway.aws_apigatewayv2_integration.lambda_integration",
            "module.cognito.aws_cognito_user_pool.user_pool",
            "module.cognito.aws_cognito_user_pool_client.mobile_client",
            "module.cognito.aws_cognito_user_pool_client.web_client",
            "module.dynamodb.aws_dynamodb_table.goals_table",
            "module.dynamodb.aws_dynamodb_table.logs_table",
            "module.dynamodb.aws_dynamodb_table.users_table",
            "module.lambda.aws_cloudwatch_log_group.lambda_log_group",
            "module.lambda.aws_iam_policy.lambda_execution_policy",
            "module.lambda.aws_iam_role.lambda_role",
            "module.lambda.aws_iam_role_policy_attachment.lambda_managed_policy_attachment",
            "module.lambda.aws_iam_role_policy_attachment.lambda_policy_attachment",
            "module.lambda.aws_lambda_function.function",
            "module.lambda.aws_lambda_permission.api_gateway_permission",
            "module.lambda.data.archive_file.function_archives",
            "module.s3.aws_s3_bucket.app_bucket"
          ]
        },
        {
          "index_key": "getUser",
          "schema_version": 0,
          "attributes": {
            "api_id": "xin9h60w6e",
            "api_key_required": false,
            "authorization_scopes": null,
            "authorization_type": "NONE",
            "authorizer_id": "",
            "id": "ze0rqve",
            "model_selection_expression": "",
            "operation_name": "",
            "request_models": null,
            "request_parameter": [],
            "route_key": "GET /users/{id}",
            "route_response_selection_expression": "",
            "target": "integrations/3lsh2qq"
          },
          "sensitive_attributes": [],
          "private": "bnVsbA==",
          "dependencies": [
            "module.api_gateway.aws_apigatewayv2_api.api",
            "module.api_gateway.aws_apigatewayv2_integration.lambda_integration",
            "module.cognito.aws_cognito_user_pool.user_pool",
            "module.cognito.aws_cognito_user_pool_client.mobile_client",
            "module.cognito.aws_cognito_user_pool_client.web_client",
            "module.dynamodb.aws_dynamodb_table.goals_table",
            "module.dynamodb.aws_dynamodb_table.logs_table",
            "module.dynamodb.aws_dynamodb_table.users_table",
            "module.lambda.aws_cloudwatch_log_group.lambda_log_group",
            "module.lambda.aws_iam_policy.lambda_execution_policy",
            "module.lambda.aws_iam_role.lambda_role",
            "module.lambda.aws_iam_role_policy_attachment.lambda_managed_policy_attachment",
            "module.lambda.aws_iam_role_policy_attachment.lambda_policy_attachment",
            "module.lambda.aws_lambda_function.function",
            "module.lambda.aws_lambda_permission.api_gateway_permission",
            "module.lambda.data.archive_file.function_archives",
            "module.s3.aws_s3_bucket.app_bucket"
          ]
        }
      ]
    },
    {
      "module": "module.api_gateway",
      "mode": "managed",
      "type": "aws_apigatewayv2_stage",
      "name": "stage",
      "provider": "provider[\"registry.terraform.io/hashicorp/aws\"]",
      "instances": [
        {
          "schema_version": 0,
          "attributes": {
            "access_log_settings": [
              {
                "destination_arn": "arn:aws:logs:us-east-1:409365783261:log-group:/aws/apigateway/UpCount-dev-API",
                "format": "{\"httpMethod\":\"$context.httpMethod\",\"integrationError\":\"$context.integrationErrorMessage\",\"integrationLatency\":\"$context.integrationLatency\",\"ip\":\"$context.identity.sourceIp\",\"path\":\"$context.path\",\"protocol\":\"$context.protocol\",\"requestId\":\"$context.requestId\",\"requestTime\":\"$context.requestTime\",\"responseLength\":\"$context.responseLength\",\"routeKey\":\"$context.routeKey\",\"status\":\"$context.status\"}"
              }
            ],
            "api_id": "xin9h60w6e",
            "arn": "arn:aws:apigateway:us-east-1::/apis/xin9h60w6e/stages/dev",
            "auto_deploy": true,
            "client_certificate_id": "",
            "default_route_settings": [
              {
                "data_trace_enabled": false,
                "detailed_metrics_enabled": false,
                "logging_level": "",
                "throttling_burst_limit": 0,
                "throttling_rate_limit": 0
              }
            ],
            "deployment_id": "",
            "description": "",
            "execution_arn": "arn:aws:execute-api:us-east-1:409365783261:xin9h60w6e/dev",
            "id": "dev",
            "invoke_url": "https://xin9h60w6e.execute-api.us-east-1.amazonaws.com/dev",
            "name": "dev",
            "route_settings": [],
            "stage_variables": {},
            "tags": {
              "Environment": "dev",
              "ManagedBy": "Terraform",
              "Name": "UpCount-dev-API-dev",
              "Project": "UpCount"
            },
            "tags_all": {
              "Environment": "dev",
              "ManagedBy": "Terraform",
              "Name": "UpCount-dev-API-dev",
              "Project": "UpCount"
            }
          },
          "sensitive_attributes": [],
          "private": "bnVsbA==",
          "dependencies": [
            "module.api_gateway.aws_apigatewayv2_api.api",
            "module.api_gateway.aws_cloudwatch_log_group.api_gw",
            "module.cognito.aws_cognito_user_pool.user_pool",
            "module.cognito.aws_cognito_user_pool_client.mobile_client",
            "module.cognito.aws_cognito_user_pool_client.web_client",
            "module.dynamodb.aws_dynamodb_table.goals_table",
            "module.dynamodb.aws_dynamodb_table.logs_table",
            "module.dynamodb.aws_dynamodb_table.users_table",
            "module.lambda.aws_cloudwatch_log_group.lambda_log_group",
            "module.lambda.aws_iam_policy.lambda_execution_policy",
            "module.lambda.aws_iam_role.lambda_role",
            "module.lambda.aws_iam_role_policy_attachment.lambda_managed_policy_attachment",
            "module.lambda.aws_iam_role_policy_attachment.lambda_policy_attachment",
            "module.lambda.aws_lambda_function.function",
            "module.lambda.aws_lambda_permission.api_gateway_permission",
            "module.lambda.data.archive_file.function_archives",
            "module.s3.aws_s3_bucket.app_bucket",
            "random_id.bucket_suffix"
          ]
        }
      ]
    },
    {
      "module": "module.api_gateway",
      "mode": "managed",
      "type": "aws_cloudwatch_log_group",
      "name": "api_gw",
      "provider": "provider[\"registry.terraform.io/hashicorp/aws\"]",
      "instances": [
        {
          "schema_version": 0,
          "attributes": {
            "arn": "arn:aws:logs:us-east-1:409365783261:log-group:/aws/apigateway/UpCount-dev-API",
            "id": "/aws/apigateway/UpCount-dev-API",
            "kms_key_id": "",
            "log_group_class": "STANDARD",
            "name": "/aws/apigateway/UpCount-dev-API",
            "name_prefix": "",
            "retention_in_days": 30,
            "skip_destroy": false,
            "tags": {
              "Environment": "dev",
              "ManagedBy": "Terraform",
              "Name": "/aws/apigateway/UpCount-dev-API",
              "Project": "UpCount"
            },
            "tags_all": {
              "Environment": "dev",
              "ManagedBy": "Terraform",
              "Name": "/aws/apigateway/UpCount-dev-API",
              "Project": "UpCount"
            }
          },
          "sensitive_attributes": [],
          "private": "bnVsbA==",
          "dependencies": [
            "module.cognito.aws_cognito_user_pool.user_pool",
            "module.cognito.aws_cognito_user_pool_client.mobile_client",
            "module.cognito.aws_cognito_user_pool_client.web_client",
            "module.dynamodb.aws_dynamodb_table.goals_table",
            "module.dynamodb.aws_dynamodb_table.logs_table",
            "module.dynamodb.aws_dynamodb_table.users_table",
            "module.lambda.aws_cloudwatch_log_group.lambda_log_group",
            "module.lambda.aws_iam_policy.lambda_execution_policy",
            "module.lambda.aws_iam_role.lambda_role",
            "module.lambda.aws_iam_role_policy_attachment.lambda_managed_policy_attachment",
            "module.lambda.aws_iam_role_policy_attachment.lambda_policy_attachment",
            "module.lambda.aws_lambda_function.function",
            "module.lambda.aws_lambda_permission.api_gateway_permission",
            "module.lambda.data.archive_file.function_archives",
            "module.s3.aws_s3_bucket.app_bucket",
            "random_id.bucket_suffix"
          ]
        }
      ]
    },
    {
      "module": "module.api_gateway",
      "mode": "managed",
      "type": "aws_lambda_permission",
      "name": "api_gateway",
      "provider": "provider[\"registry.terraform.io/hashicorp/aws\"]",
      "instances": [
        {
          "index_key": "createGoal",
          "schema_version": 0,
          "attributes": {
            "action": "lambda:InvokeFunction",
            "event_source_token": null,
            "function_name": "UpCount-dev-createGoal",
            "function_url_auth_type": null,
            "id": "AllowExecutionFromAPIGateway",
            "principal": "apigateway.amazonaws.com",
            "principal_org_id": null,
            "qualifier": "",
            "source_account": null,
            "source_arn": "arn:aws:execute-api:us-east-1:409365783261:xin9h60w6e/*/*/goals",
            "statement_id": "AllowExecutionFromAPIGateway",
            "statement_id_prefix": ""
          },
          "sensitive_attributes": [],
          "private": "bnVsbA==",
          "dependencies": [
            "module.api_gateway.aws_apigatewayv2_api.api",
            "module.cognito.aws_cognito_user_pool.user_pool",
            "module.cognito.aws_cognito_user_pool_client.mobile_client",
            "module.cognito.aws_cognito_user_pool_client.web_client",
            "module.dynamodb.aws_dynamodb_table.goals_table",
            "module.dynamodb.aws_dynamodb_table.logs_table",
            "module.dynamodb.aws_dynamodb_table.users_table",
            "module.lambda.aws_cloudwatch_log_group.lambda_log_group",
            "module.lambda.aws_iam_policy.lambda_execution_policy",
            "module.lambda.aws_iam_role.lambda_role",
            "module.lambda.aws_iam_role_policy_attachment.lambda_managed_policy_attachment",
            "module.lambda.aws_iam_role_policy_attachment.lambda_policy_attachment",
            "module.lambda.aws_lambda_function.function",
            "module.lambda.aws_lambda_permission.api_gateway_permission",
            "module.lambda.data.archive_file.function_archives",
            "module.s3.aws_s3_bucket.app_bucket",
            "random_id.bucket_suffix"
          ]
        },
        {
          "index_key": "getUser",
          "schema_version": 0,
          "attributes": {
            "action": "lambda:InvokeFunction",
            "event_source_token": null,
            "function_name": "UpCount-dev-getUser",
            "function_url_auth_type": null,
            "id": "AllowExecutionFromAPIGateway",
            "principal": "apigateway.amazonaws.com",
            "principal_org_id": null,
            "qualifier": "",
            "source_account": null,
            "source_arn": "arn:aws:execute-api:us-east-1:409365783261:xin9h60w6e/*/*/users/{id}",
            "statement_id": "AllowExecutionFromAPIGateway",
            "statement_id_prefix": ""
          },
          "sensitive_attributes": [],
          "private": "bnVsbA==",
          "dependencies": [
            "module.api_gateway.aws_apigatewayv2_api.api",
            "module.cognito.aws_cognito_user_pool.user_pool",
            "module.cognito.aws_cognito_user_pool_client.mobile_client",
            "module.cognito.aws_cognito_user_pool_client.web_client",
            "module.dynamodb.aws_dynamodb_table.goals_table",
            "module.dynamodb.aws_dynamodb_table.logs_table",
            "module.dynamodb.aws_dynamodb_table.users_table",
            "module.lambda.aws_cloudwatch_log_group.lambda_log_group",
            "module.lambda.aws_iam_policy.lambda_execution_policy",
            "module.lambda.aws_iam_role.lambda_role",
            "module.lambda.aws_iam_role_policy_attachment.lambda_managed_policy_attachment",
            "module.lambda.aws_iam_role_policy_attachment.lambda_policy_attachment",
            "module.lambda.aws_lambda_function.function",
            "module.lambda.aws_lambda_permission.api_gateway_permission",
            "module.lambda.data.archive_file.function_archives",
            "module.s3.aws_s3_bucket.app_bucket",
            "random_id.bucket_suffix"
          ]
        }
      ]
    },
    {
      "module": "module.cognito",
      "mode": "managed",
      "type": "aws_cognito_identity_pool",
      "name": "identity_pool",
      "provider": "provider[\"registry.terraform.io/hashicorp/aws\"]",
      "instances": [
        {
          "schema_version": 0,
          "attributes": {
            "allow_classic_flow": true,
            "allow_unauthenticated_identities": true,
            "arn": "arn:aws:cognito-identity:us-east-1:409365783261:identitypool/us-east-1:bb8a0a2c-4d5f-433d-bcfe-7aef65331faf",
            "cognito_identity_providers": [
              {
                "client_id": "3hnuaau7ttv2j1lm1qgv3mp8dl",
                "provider_name": "cognito-idp.us-east-1.amazonaws.com/us-east-1_65jZmVv9N",
                "server_side_token_check": false
              },
              {
                "client_id": "619sj90c9tule6r1o308skvm4i",
                "provider_name": "cognito-idp.us-east-1.amazonaws.com/us-east-1_65jZmVv9N",
                "server_side_token_check": false
              }
            ],
            "developer_provider_name": "",
            "id": "us-east-1:bb8a0a2c-4d5f-433d-bcfe-7aef65331faf",
            "identity_pool_name": "UpCount-dev-IdentityPool",
            "openid_connect_provider_arns": [],
            "saml_provider_arns": [],
            "supported_login_providers": {},
            "tags": {
              "Environment": "dev",
              "ManagedBy": "Terraform",
              "Name": "UpCount-dev-IdentityPool",
              "Project": "UpCount"
            },
            "tags_all": {
              "Environment": "dev",
              "ManagedBy": "Terraform",
              "Name": "UpCount-dev-IdentityPool",
              "Project": "UpCount"
            }
          },
          "sensitive_attributes": [],
          "private": "bnVsbA==",
          "dependencies": [
            "module.cognito.aws_cognito_user_pool.user_pool",
            "module.cognito.aws_cognito_user_pool_client.mobile_client",
            "module.cognito.aws_cognito_user_pool_client.web_client"
          ]
        }
      ]
    },
    {
      "module": "module.cognito",
      "mode": "managed",
      "type": "aws_cognito_identity_pool_roles_attachment",
      "name": "identity_pool_role_attachment",
      "provider": "provider[\"registry.terraform.io/hashicorp/aws\"]",
      "instances": [
        {
          "schema_version": 0,
          "attributes": {
            "id": "us-east-1:bb8a0a2c-4d5f-433d-bcfe-7aef65331faf",
            "identity_pool_id": "us-east-1:bb8a0a2c-4d5f-433d-bcfe-7aef65331faf",
            "role_mapping": [
              {
                "ambiguous_role_resolution": "AuthenticatedRole",
                "identity_provider": "cognito-idp.us-east-1.amazonaws.com/us-east-1_65jZmVv9N:619sj90c9tule6r1o308skvm4i",
                "mapping_rule": [],
                "type": "Token"
              }
            ],
            "roles": {
              "authenticated": "arn:aws:iam::409365783261:role/UpCount-dev-IdentityPool-authenticated-role"
            }
          },
          "sensitive_attributes": [],
          "private": "bnVsbA==",
          "dependencies": [
            "module.cognito.aws_cognito_identity_pool.identity_pool",
            "module.cognito.aws_cognito_user_pool.user_pool",
            "module.cognito.aws_cognito_user_pool_client.mobile_client",
            "module.cognito.aws_cognito_user_pool_client.web_client",
            "module.cognito.aws_iam_role.authenticated_role",
            "module.cognito.aws_iam_role.unauthenticated_role"
          ]
        }
      ]
    },
    {
      "module": "module.cognito",
      "mode": "managed",
      "type": "aws_cognito_user_pool",
      "name": "user_pool",
      "provider": "provider[\"registry.terraform.io/hashicorp/aws\"]",
      "instances": [
        {
          "schema_version": 0,
          "attributes": {
            "account_recovery_setting": [
              {
                "recovery_mechanism": [
                  {
                    "name": "verified_email",
                    "priority": 1
                  }
                ]
              }
            ],
            "admin_create_user_config": [
              {
                "allow_admin_create_user_only": false,
                "invite_message_template": []
              }
            ],
            "alias_attributes": null,
            "arn": "arn:aws:cognito-idp:us-east-1:409365783261:userpool/us-east-1_65jZmVv9N",
            "auto_verified_attributes": [
              "email"
            ],
            "creation_date": "2025-05-06T03:28:54Z",
            "custom_domain": "",
            "deletion_protection": "INACTIVE",
            "device_configuration": [],
            "domain": "",
            "email_configuration": [
              {
                "configuration_set": "",
                "email_sending_account": "COGNITO_DEFAULT",
                "from_email_address": "",
                "reply_to_email_address": "",
                "source_arn": ""
              }
            ],
            "email_mfa_configuration": [],
            "email_verification_message": "Your verification code is {####}",
            "email_verification_subject": "Your UpCount verification code",
            "endpoint": "cognito-idp.us-east-1.amazonaws.com/us-east-1_65jZmVv9N",
            "estimated_number_of_users": 0,
            "id": "us-east-1_65jZmVv9N",
            "lambda_config": [],
            "last_modified_date": "2025-05-06T03:28:54Z",
            "mfa_configuration": "OFF",
            "name": "UpCount-dev-UserPool",
            "password_policy": [
              {
                "minimum_length": 8,
                "password_history_size": 0,
                "require_lowercase": true,
                "require_numbers": true,
                "require_symbols": true,
                "require_uppercase": true,
                "temporary_password_validity_days": 7
              }
            ],
            "schema": [
              {
                "attribute_data_type": "String",
                "developer_only_attribute": false,
                "mutable": true,
                "name": "email",
                "number_attribute_constraints": [],
                "required": true,
                "string_attribute_constraints": [
                  {
                    "max_length": "100",
                    "min_length": "3"
                  }
                ]
              },
              {
                "attribute_data_type": "String",
                "developer_only_attribute": false,
                "mutable": true,
                "name": "name",
                "number_attribute_constraints": [],
                "required": true,
                "string_attribute_constraints": [
                  {
                    "max_length": "100",
                    "min_length": "1"
                  }
                ]
              },
              {
                "attribute_data_type": "String",
                "developer_only_attribute": false,
                "mutable": true,
                "name": "preferred_theme",
                "number_attribute_constraints": [],
                "required": false,
                "string_attribute_constraints": [
                  {
                    "max_length": "255",
                    "min_length": "1"
                  }
                ]
              }
            ],
            "sign_in_policy": [
              {
                "allowed_first_auth_factors": [
                  "PASSWORD"
                ]
              }
            ],
            "sms_authentication_message": "",
            "sms_configuration": [],
            "sms_verification_message": "Your verification code is {####}",
            "software_token_mfa_configuration": [],
            "tags": {
              "Environment": "dev",
              "ManagedBy": "Terraform",
              "Name": "UpCount-dev-UserPool",
              "Project": "UpCount"
            },
            "tags_all": {
              "Environment": "dev",
              "ManagedBy": "Terraform",
              "Name": "UpCount-dev-UserPool",
              "Project": "UpCount"
            },
            "user_attribute_update_settings": [],
            "user_pool_add_ons": [],
            "user_pool_tier": "ESSENTIALS",
            "username_attributes": [
              "email"
            ],
            "username_configuration": [
              {
                "case_sensitive": false
              }
            ],
            "verification_message_template": [
              {
                "default_email_option": "CONFIRM_WITH_CODE",
                "email_message": "Your verification code is {####}",
                "email_message_by_link": "",
                "email_subject": "Your UpCount verification code",
                "email_subject_by_link": "",
                "sms_message": "Your verification code is {####}"
              }
            ],
            "web_authn_configuration": []
          },
          "sensitive_attributes": [],
          "private": "bnVsbA=="
        }
      ]
    },
    {
      "module": "module.cognito",
      "mode": "managed",
      "type": "aws_cognito_user_pool_client",
      "name": "mobile_client",
      "provider": "provider[\"registry.terraform.io/hashicorp/aws\"]",
      "instances": [
        {
          "schema_version": 0,
          "attributes": {
            "access_token_validity": 60,
            "allowed_oauth_flows": [
              "code",
              "implicit"
            ],
            "allowed_oauth_flows_user_pool_client": true,
            "allowed_oauth_scopes": [
              "aws.cognito.signin.user.admin",
              "email",
              "openid",
              "phone",
              "profile"
            ],
            "analytics_configuration": [],
            "auth_session_validity": 3,
            "callback_urls": [
              "upcount://callback"
            ],
            "client_secret": "",
            "default_redirect_uri": "",
            "enable_propagate_additional_user_context_data": false,
            "enable_token_revocation": true,
            "explicit_auth_flows": [
              "ALLOW_CUSTOM_AUTH",
              "ALLOW_REFRESH_TOKEN_AUTH",
              "ALLOW_USER_PASSWORD_AUTH",
              "ALLOW_USER_SRP_AUTH"
            ],
            "generate_secret": false,
            "id": "3hnuaau7ttv2j1lm1qgv3mp8dl",
            "id_token_validity": 60,
            "logout_urls": [
              "upcount://logout"
            ],
            "name": "UpCount-dev-UserPool-mobile-client",
            "prevent_user_existence_errors": "ENABLED",
            "read_attributes": [],
            "refresh_token_validity": 30,
            "supported_identity_providers": [
              "COGNITO"
            ],
            "token_validity_units": [
              {
                "access_token": "minutes",
                "id_token": "minutes",
                "refresh_token": "days"
              }
            ],
            "user_pool_id": "us-east-1_65jZmVv9N",
            "write_attributes": []
          },
          "sensitive_attributes": [],
          "dependencies": [
            "module.cognito.aws_cognito_user_pool.user_pool"
          ]
        }
      ]
    },
    {
      "module": "module.cognito",
      "mode": "managed",
      "type": "aws_cognito_user_pool_client",
      "name": "web_client",
      "provider": "provider[\"registry.terraform.io/hashicorp/aws\"]",
      "instances": [
        {
          "schema_version": 0,
          "attributes": {
            "access_token_validity": 60,
            "allowed_oauth_flows": [
              "code",
              "implicit"
            ],
            "allowed_oauth_flows_user_pool_client": true,
            "allowed_oauth_scopes": [
              "aws.cognito.signin.user.admin",
              "email",
              "openid",
              "phone",
              "profile"
            ],
            "analytics_configuration": [],
            "auth_session_validity": 3,
            "callback_urls": [
              "http://localhost:3000/callback",
              "https://localhost:3000/callback"
            ],
            "client_secret": "",
            "default_redirect_uri": "",
            "enable_propagate_additional_user_context_data": false,
            "enable_token_revocation": true,
            "explicit_auth_flows": [
              "ALLOW_CUSTOM_AUTH",
              "ALLOW_REFRESH_TOKEN_AUTH",
              "ALLOW_USER_PASSWORD_AUTH",
              "ALLOW_USER_SRP_AUTH"
            ],
            "generate_secret": false,
            "id": "619sj90c9tule6r1o308skvm4i",
            "id_token_validity": 60,
            "logout_urls": [
              "http://localhost:3000/logout",
              "https://localhost:3000/logout"
            ],
            "name": "UpCount-dev-UserPool-web-client",
            "prevent_user_existence_errors": "ENABLED",
            "read_attributes": [],
            "refresh_token_validity": 30,
            "supported_identity_providers": [
              "COGNITO"
            ],
            "token_validity_units": [
              {
                "access_token": "minutes",
                "id_token": "minutes",
                "refresh_token": "days"
              }
            ],
            "user_pool_id": "us-east-1_65jZmVv9N",
            "write_attributes": []
          },
          "sensitive_attributes": [],
          "dependencies": [
            "module.cognito.aws_cognito_user_pool.user_pool"
          ]
        }
      ]
    },
    {
      "module": "module.cognito",
      "mode": "managed",
      "type": "aws_iam_policy",
      "name": "authenticated_policy",
      "provider": "provider[\"registry.terraform.io/hashicorp/aws\"]",
      "instances": [
        {
          "schema_version": 0,
          "attributes": {
            "arn": "arn:aws:iam::409365783261:policy/UpCount-dev-IdentityPool-authenticated-policy",
            "attachment_count": 1,
            "description": "IAM policy for Cognito authenticated users",
            "id": "arn:aws:iam::409365783261:policy/UpCount-dev-IdentityPool-authenticated-policy",
            "name": "UpCount-dev-IdentityPool-authenticated-policy",
            "name_prefix": "",
            "path": "/",
            "policy": "{\"Statement\":[{\"Action\":[\"mobileanalytics:PutEvents\",\"cognito-sync:*\",\"cognito-identity:*\"],\"Effect\":\"Allow\",\"Resource\":\"*\"},{\"Action\":[\"s3:GetObject\",\"s3:PutObject\",\"s3:DeleteObject\"],\"Effect\":\"Allow\",\"Resource\":\"arn:aws:s3:::upcount-dev-storage-655c0be7/private/${cognito-identity.amazonaws.com:sub}/*\"},{\"Action\":[\"execute-api:Invoke\"],\"Effect\":\"Allow\",\"Resource\":\"*\"}],\"Version\":\"2012-10-17\"}",
            "policy_id": "ANPAV6UA2ELOU4TVVX3Q6",
            "tags": {},
            "tags_all": {}
          },
          "sensitive_attributes": [],
          "private": "bnVsbA==",
          "dependencies": [
            "module.s3.aws_s3_bucket.app_bucket",
            "random_id.bucket_suffix"
          ]
        }
      ]
    },
    {
      "module": "module.cognito",
      "mode": "managed",
      "type": "aws_iam_policy",
      "name": "unauthenticated_policy",
      "provider": "provider[\"registry.terraform.io/hashicorp/aws\"]",
      "instances": [
        {
          "index_key": 0,
          "schema_version": 0,
          "attributes": {
            "arn": "arn:aws:iam::409365783261:policy/UpCount-dev-IdentityPool-unauthenticated-policy",
            "attachment_count": 1,
            "description": "IAM policy for Cognito unauthenticated users",
            "id": "arn:aws:iam::409365783261:policy/UpCount-dev-IdentityPool-unauthenticated-policy",
            "name": "UpCount-dev-IdentityPool-unauthenticated-policy",
            "name_prefix": "",
            "path": "/",
            "policy": "{\"Statement\":[{\"Action\":[\"mobileanalytics:PutEvents\",\"cognito-sync:*\"],\"Effect\":\"Allow\",\"Resource\":\"*\"},{\"Action\":[\"execute-api:Invoke\"],\"Effect\":\"Allow\",\"Resource\":[\"arn:aws:execute-api:us-east-1:*:*/*/GET/public/*\"]}],\"Version\":\"2012-10-17\"}",
            "policy_id": "ANPAV6UA2ELOUMP5RLPLX",
            "tags": {},
            "tags_all": {}
          },
          "sensitive_attributes": [],
          "private": "bnVsbA=="
        }
      ]
    },
    {
      "module": "module.cognito",
      "mode": "managed",
      "type": "aws_iam_role",
      "name": "authenticated_role",
      "provider": "provider[\"registry.terraform.io/hashicorp/aws\"]",
      "instances": [
        {
          "schema_version": 0,
          "attributes": {
            "arn": "arn:aws:iam::409365783261:role/UpCount-dev-IdentityPool-authenticated-role",
            "assume_role_policy": "{\"Statement\":[{\"Action\":\"sts:AssumeRoleWithWebIdentity\",\"Condition\":{\"ForAnyValue:StringLike\":{\"cognito-identity.amazonaws.com:amr\":\"authenticated\"},\"StringEquals\":{\"cognito-identity.amazonaws.com:aud\":\"us-east-1:bb8a0a2c-4d5f-433d-bcfe-7aef65331faf\"}},\"Effect\":\"Allow\",\"Principal\":{\"Federated\":\"cognito-identity.amazonaws.com\"}}],\"Version\":\"2012-10-17\"}",
            "create_date": "2025-05-06T03:28:56Z",
            "description": "",
            "force_detach_policies": false,
            "id": "UpCount-dev-IdentityPool-authenticated-role",
            "inline_policy": [],
            "managed_policy_arns": [
              "arn:aws:iam::409365783261:policy/UpCount-dev-IdentityPool-authenticated-policy"
            ],
            "max_session_duration": 3600,
            "name": "UpCount-dev-IdentityPool-authenticated-role",
            "name_prefix": "",
            "path": "/",
            "permissions_boundary": "",
            "tags": {
              "Environment": "dev",
              "ManagedBy": "Terraform",
              "Name": "UpCount-dev-IdentityPool-authenticated-role",
              "Project": "UpCount"
            },
            "tags_all": {
              "Environment": "dev",
              "ManagedBy": "Terraform",
              "Name": "UpCount-dev-IdentityPool-authenticated-role",
              "Project": "UpCount"
            },
            "unique_id": "AROAV6UA2ELO7QBL22EF7"
          },
          "sensitive_attributes": [],
          "private": "bnVsbA==",
          "dependencies": [
            "module.cognito.aws_cognito_identity_pool.identity_pool",
            "module.cognito.aws_cognito_user_pool.user_pool",
            "module.cognito.aws_cognito_user_pool_client.mobile_client",
            "module.cognito.aws_cognito_user_pool_client.web_client"
          ]
        }
      ]
    },
    {
      "module": "module.cognito",
      "mode": "managed",
      "type": "aws_iam_role",
      "name": "unauthenticated_role",
      "provider": "provider[\"registry.terraform.io/hashicorp/aws\"]",
      "instances": [
        {
          "index_key": 0,
          "schema_version": 0,
          "attributes": {
            "arn": "arn:aws:iam::409365783261:role/UpCount-dev-IdentityPool-unauthenticated-role",
            "assume_role_policy": "{\"Statement\":[{\"Action\":\"sts:AssumeRoleWithWebIdentity\",\"Condition\":{\"ForAnyValue:StringLike\":{\"cognito-identity.amazonaws.com:amr\":\"unauthenticated\"},\"StringEquals\":{\"cognito-identity.amazonaws.com:aud\":\"us-east-1:bb8a0a2c-4d5f-433d-bcfe-7aef65331faf\"}},\"Effect\":\"Allow\",\"Principal\":{\"Federated\":\"cognito-identity.amazonaws.com\"}}],\"Version\":\"2012-10-17\"}",
            "create_date": "2025-05-06T03:28:56Z",
            "description": "",
            "force_detach_policies": false,
            "id": "UpCount-dev-IdentityPool-unauthenticated-role",
            "inline_policy": [],
            "managed_policy_arns": [
              "arn:aws:iam::409365783261:policy/UpCount-dev-IdentityPool-unauthenticated-policy"
            ],
            "max_session_duration": 3600,
            "name": "UpCount-dev-IdentityPool-unauthenticated-role",
            "name_prefix": "",
            "path": "/",
            "permissions_boundary": "",
            "tags": {
              "Environment": "dev",
              "ManagedBy": "Terraform",
              "Name": "UpCount-dev-IdentityPool-unauthenticated-role",
              "Project": "UpCount"
            },
            "tags_all": {
              "Environment": "dev",
              "ManagedBy": "Terraform",
              "Name": "UpCount-dev-IdentityPool-unauthenticated-role",
              "Project": "UpCount"
            },
            "unique_id": "AROAV6UA2ELORHIRCGHTP"
          },
          "sensitive_attributes": [],
          "private": "bnVsbA==",
          "dependencies": [
            "module.cognito.aws_cognito_identity_pool.identity_pool",
            "module.cognito.aws_cognito_user_pool.user_pool",
            "module.cognito.aws_cognito_user_pool_client.mobile_client",
            "module.cognito.aws_cognito_user_pool_client.web_client"
          ]
        }
      ]
    },
    {
      "module": "module.cognito",
      "mode": "managed",
      "type": "aws_iam_role_policy_attachment",
      "name": "authenticated_policy_attachment",
      "provider": "provider[\"registry.terraform.io/hashicorp/aws\"]",
      "instances": [
        {
          "schema_version": 0,
          "attributes": {
            "id": "UpCount-dev-IdentityPool-authenticated-role-20250506033011375800000002",
            "policy_arn": "arn:aws:iam::409365783261:policy/UpCount-dev-IdentityPool-authenticated-policy",
            "role": "UpCount-dev-IdentityPool-authenticated-role"
          },
          "sensitive_attributes": [],
          "private": "bnVsbA==",
          "dependencies": [
            "module.cognito.aws_cognito_identity_pool.identity_pool",
            "module.cognito.aws_cognito_user_pool.user_pool",
            "module.cognito.aws_cognito_user_pool_client.mobile_client",
            "module.cognito.aws_cognito_user_pool_client.web_client",
            "module.cognito.aws_iam_policy.authenticated_policy",
            "module.cognito.aws_iam_role.authenticated_role",
            "module.s3.aws_s3_bucket.app_bucket",
            "random_id.bucket_suffix"
          ]
        }
      ]
    },
    {
      "module": "module.cognito",
      "mode": "managed",
      "type": "aws_iam_role_policy_attachment",
      "name": "unauthenticated_policy_attachment",
      "provider": "provider[\"registry.terraform.io/hashicorp/aws\"]",
      "instances": [
        {
          "index_key": 0,
          "schema_version": 0,
          "attributes": {
            "id": "UpCount-dev-IdentityPool-unauthenticated-role-20250506033009535500000001",
            "policy_arn": "arn:aws:iam::409365783261:policy/UpCount-dev-IdentityPool-unauthenticated-policy",
            "role": "UpCount-dev-IdentityPool-unauthenticated-role"
          },
          "sensitive_attributes": [],
          "private": "bnVsbA==",
          "dependencies": [
            "module.cognito.aws_cognito_identity_pool.identity_pool",
            "module.cognito.aws_cognito_user_pool.user_pool",
            "module.cognito.aws_cognito_user_pool_client.mobile_client",
            "module.cognito.aws_cognito_user_pool_client.web_client",
            "module.cognito.aws_iam_policy.unauthenticated_policy",
            "module.cognito.aws_iam_role.unauthenticated_role"
          ]
        }
      ]
    },
    {
      "module": "module.dynamodb",
      "mode": "managed",
      "type": "aws_dynamodb_table",
      "name": "goals_table",
      "provider": "provider[\"registry.terraform.io/hashicorp/aws\"]",
      "instances": [
        {
          "schema_version": 1,
          "attributes": {
            "arn": "arn:aws:dynamodb:us-east-1:409365783261:table/UpCount-dev-Goals",
            "attribute": [
              {
                "name": "category",
                "type": "S"
              },
              {
                "name": "createdAt",
                "type": "S"
              },
              {
                "name": "goalId",
                "type": "S"
              },
              {
                "name": "userId",
                "type": "S"
              }
            ],
            "billing_mode": "PAY_PER_REQUEST",
            "deletion_protection_enabled": false,
            "global_secondary_index": [
              {
                "hash_key": "userId",
                "name": "CategoryIndex",
                "non_key_attributes": [],
                "on_demand_throughput": [],
                "projection_type": "ALL",
                "range_key": "category",
                "read_capacity": 0,
                "write_capacity": 0
              },
              {
                "hash_key": "userId",
                "name": "CreatedAtIndex",
                "non_key_attributes": [],
                "on_demand_throughput": [],
                "projection_type": "ALL",
                "range_key": "createdAt",
                "read_capacity": 0,
                "write_capacity": 0
              }
            ],
            "hash_key": "userId",
            "id": "UpCount-dev-Goals",
            "import_table": [],
            "local_secondary_index": [],
            "name": "UpCount-dev-Goals",
            "on_demand_throughput": [],
            "point_in_time_recovery": [
              {
                "enabled": false
              }
            ],
            "range_key": "goalId",
            "read_capacity": 0,
            "replica": [],
            "restore_date_time": null,
            "restore_source_name": null,
            "restore_source_table_arn": null,
            "restore_to_latest_time": null,
            "server_side_encryption": [],
            "stream_arn": "",
            "stream_enabled": false,
            "stream_label": "",
            "stream_view_type": "",
            "table_class": "STANDARD",
            "tags": {
              "Environment": "dev",
              "ManagedBy": "Terraform",
              "Name": "UpCount-dev-Goals",
              "Project": "UpCount"
            },
            "tags_all": {
              "Environment": "dev",
              "ManagedBy": "Terraform",
              "Name": "UpCount-dev-Goals",
              "Project": "UpCount"
            },
            "timeouts": null,
            "ttl": [
              {
                "attribute_name": "",
                "enabled": false
              }
            ],
            "write_capacity": 0
          },
          "sensitive_attributes": [],
          "private": "eyJlMmJmYjczMC1lY2FhLTExZTYtOGY4OC0zNDM2M2JjN2M0YzAiOnsiY3JlYXRlIjoxODAwMDAwMDAwMDAwLCJkZWxldGUiOjYwMDAwMDAwMDAwMCwidXBkYXRlIjozNjAwMDAwMDAwMDAwfSwic2NoZW1hX3ZlcnNpb24iOiIxIn0="
        }
      ]
    },
    {
      "module": "module.dynamodb",
      "mode": "managed",
      "type": "aws_dynamodb_table",
      "name": "logs_table",
      "provider": "provider[\"registry.terraform.io/hashicorp/aws\"]",
      "instances": [
        {
          "schema_version": 1,
          "attributes": {
            "arn": "arn:aws:dynamodb:us-east-1:409365783261:table/UpCount-dev-Logs",
            "attribute": [
              {
                "name": "date",
                "type": "S"
              },
              {
                "name": "goalId",
                "type": "S"
              },
              {
                "name": "logId",
                "type": "S"
              },
              {
                "name": "userId",
                "type": "S"
              }
            ],
            "billing_mode": "PAY_PER_REQUEST",
            "deletion_protection_enabled": false,
            "global_secondary_index": [
              {
                "hash_key": "userId",
                "name": "UserLogsIndex",
                "non_key_attributes": [],
                "on_demand_throughput": [],
                "projection_type": "ALL",
                "range_key": "date",
                "read_capacity": 0,
                "write_capacity": 0
              }
            ],
            "hash_key": "goalId",
            "id": "UpCount-dev-Logs",
            "import_table": [],
            "local_secondary_index": [],
            "name": "UpCount-dev-Logs",
            "on_demand_throughput": [],
            "point_in_time_recovery": [
              {
                "enabled": false
              }
            ],
            "range_key": "logId",
            "read_capacity": 0,
            "replica": [],
            "restore_date_time": null,
            "restore_source_name": null,
            "restore_source_table_arn": null,
            "restore_to_latest_time": null,
            "server_side_encryption": [],
            "stream_arn": "",
            "stream_enabled": false,
            "stream_label": "",
            "stream_view_type": "",
            "table_class": "STANDARD",
            "tags": {
              "Environment": "dev",
              "ManagedBy": "Terraform",
              "Name": "UpCount-dev-Logs",
              "Project": "UpCount"
            },
            "tags_all": {
              "Environment": "dev",
              "ManagedBy": "Terraform",
              "Name": "UpCount-dev-Logs",
              "Project": "UpCount"
            },
            "timeouts": null,
            "ttl": [
              {
                "attribute_name": "",
                "enabled": false
              }
            ],
            "write_capacity": 0
          },
          "sensitive_attributes": [],
          "private": "eyJlMmJmYjczMC1lY2FhLTExZTYtOGY4OC0zNDM2M2JjN2M0YzAiOnsiY3JlYXRlIjoxODAwMDAwMDAwMDAwLCJkZWxldGUiOjYwMDAwMDAwMDAwMCwidXBkYXRlIjozNjAwMDAwMDAwMDAwfSwic2NoZW1hX3ZlcnNpb24iOiIxIn0="
        }
      ]
    },
    {
      "module": "module.dynamodb",
      "mode": "managed",
      "type": "aws_dynamodb_table",
      "name": "users_table",
      "provider": "provider[\"registry.terraform.io/hashicorp/aws\"]",
      "instances": [
        {
          "schema_version": 1,
          "attributes": {
            "arn": "arn:aws:dynamodb:us-east-1:409365783261:table/UpCount-dev-Users",
            "attribute": [
              {
                "name": "email",
                "type": "S"
              },
              {
                "name": "userId",
                "type": "S"
              }
            ],
            "billing_mode": "PAY_PER_REQUEST",
            "deletion_protection_enabled": false,
            "global_secondary_index": [
              {
                "hash_key": "email",
                "name": "EmailIndex",
                "non_key_attributes": [],
                "on_demand_throughput": [],
                "projection_type": "ALL",
                "range_key": "",
                "read_capacity": 0,
                "write_capacity": 0
              }
            ],
            "hash_key": "userId",
            "id": "UpCount-dev-Users",
            "import_table": [],
            "local_secondary_index": [],
            "name": "UpCount-dev-Users",
            "on_demand_throughput": [],
            "point_in_time_recovery": [
              {
                "enabled": false
              }
            ],
            "range_key": null,
            "read_capacity": 0,
            "replica": [],
            "restore_date_time": null,
            "restore_source_name": null,
            "restore_source_table_arn": null,
            "restore_to_latest_time": null,
            "server_side_encryption": [],
            "stream_arn": "",
            "stream_enabled": false,
            "stream_label": "",
            "stream_view_type": "",
            "table_class": "STANDARD",
            "tags": {
              "Environment": "dev",
              "ManagedBy": "Terraform",
              "Name": "UpCount-dev-Users",
              "Project": "UpCount"
            },
            "tags_all": {
              "Environment": "dev",
              "ManagedBy": "Terraform",
              "Name": "UpCount-dev-Users",
              "Project": "UpCount"
            },
            "timeouts": null,
            "ttl": [
              {
                "attribute_name": "",
                "enabled": false
              }
            ],
            "write_capacity": 0
          },
          "sensitive_attributes": [],
          "private": "eyJlMmJmYjczMC1lY2FhLTExZTYtOGY4OC0zNDM2M2JjN2M0YzAiOnsiY3JlYXRlIjoxODAwMDAwMDAwMDAwLCJkZWxldGUiOjYwMDAwMDAwMDAwMCwidXBkYXRlIjozNjAwMDAwMDAwMDAwfSwic2NoZW1hX3ZlcnNpb24iOiIxIn0="
        }
      ]
    },
    {
      "module": "module.lambda",
      "mode": "data",
      "type": "archive_file",
      "name": "function_archives",
      "provider": "provider[\"registry.terraform.io/hashicorp/archive\"]",
      "instances": [
        {
          "index_key": "createGoal",
          "schema_version": 0,
          "attributes": {
            "exclude_symlink_directories": null,
            "excludes": null,
            "id": "f0b966f96242649bb2e3ac0991697c967830eb76",
            "output_base64sha256": "GsQPBJjEi/0Jgo25rfFmnnBBDQyx6y21gHclJjFe9nw=",
            "output_base64sha512": "FJOI7Zqcj6me5hIB6tu9mzQYEZB8Otu17p6rDuLsQSD9Qnw7SKMuqqTn4Izx4vWLCd0ikYaSPnC8+QuodfF8Pw==",
            "output_file_mode": null,
            "output_md5": "e09a9da9d26799f7957c9b211fc98d10",
            "output_path": "modules/lambda/archives/createGoal.zip",
            "output_sha": "f0b966f96242649bb2e3ac0991697c967830eb76",
            "output_sha256": "1ac40f0498c48bfd09828db9adf1669e70410d0cb1eb2db580772526315ef67c",
            "output_sha512": "149388ed9a9c8fa99ee61201eadbbd9b341811907c3adbb5ee9eab0ee2ec4120fd427c3b48a32eaaa4e7e08cf1e2f58b09dd229186923e70bcf90ba875f17c3f",
            "output_size": 135,
            "source": [],
            "source_content": null,
            "source_content_filename": null,
            "source_dir": "./../backend/functions/createGoal",
            "source_file": null,
            "type": "zip"
          },
          "sensitive_attributes": []
        },
        {
          "index_key": "getUser",
          "schema_version": 0,
          "attributes": {
            "exclude_symlink_directories": null,
            "excludes": null,
            "id": "f0b966f96242649bb2e3ac0991697c967830eb76",
            "output_base64sha256": "GsQPBJjEi/0Jgo25rfFmnnBBDQyx6y21gHclJjFe9nw=",
            "output_base64sha512": "FJOI7Zqcj6me5hIB6tu9mzQYEZB8Otu17p6rDuLsQSD9Qnw7SKMuqqTn4Izx4vWLCd0ikYaSPnC8+QuodfF8Pw==",
            "output_file_mode": null,
            "output_md5": "e09a9da9d26799f7957c9b211fc98d10",
            "output_path": "modules/lambda/archives/getUser.zip",
            "output_sha": "f0b966f96242649bb2e3ac0991697c967830eb76",
            "output_sha256": "1ac40f0498c48bfd09828db9adf1669e70410d0cb1eb2db580772526315ef67c",
            "output_sha512": "149388ed9a9c8fa99ee61201eadbbd9b341811907c3adbb5ee9eab0ee2ec4120fd427c3b48a32eaaa4e7e08cf1e2f58b09dd229186923e70bcf90ba875f17c3f",
            "output_size": 135,
            "source": [],
            "source_content": null,
            "source_content_filename": null,
            "source_dir": "./../backend/functions/getUser",
            "source_file": null,
            "type": "zip"
          },
          "sensitive_attributes": []
        }
      ]
    },
    {
      "module": "module.lambda",
      "mode": "managed",
      "type": "aws_cloudwatch_log_group",
      "name": "lambda_log_group",
      "provider": "provider[\"registry.terraform.io/hashicorp/aws\"]",
      "instances": [
        {
          "index_key": "createGoal",
          "schema_version": 0,
          "attributes": {
            "arn": "arn:aws:logs:us-east-1:409365783261:log-group:/aws/lambda/UpCount-dev-createGoal",
            "id": "/aws/lambda/UpCount-dev-createGoal",
            "kms_key_id": "",
            "log_group_class": "STANDARD",
            "name": "/aws/lambda/UpCount-dev-createGoal",
            "name_prefix": "",
            "retention_in_days": 7,
            "skip_destroy": false,
            "tags": {
              "Environment": "dev",
              "ManagedBy": "Terraform",
              "Name": "/aws/lambda/UpCount-dev-createGoal",
              "Project": "UpCount"
            },
            "tags_all": {
              "Environment": "dev",
              "ManagedBy": "Terraform",
              "Name": "/aws/lambda/UpCount-dev-createGoal",
              "Project": "UpCount"
            }
          },
          "sensitive_attributes": [],
          "private": "bnVsbA==",
          "dependencies": [
            "module.cognito.aws_cognito_user_pool.user_pool",
            "module.cognito.aws_cognito_user_pool_client.mobile_client",
            "module.cognito.aws_cognito_user_pool_client.web_client",
            "module.dynamodb.aws_dynamodb_table.goals_table",
            "module.dynamodb.aws_dynamodb_table.logs_table",
            "module.dynamodb.aws_dynamodb_table.users_table",
            "module.lambda.aws_iam_role.lambda_role",
            "module.lambda.aws_lambda_function.function",
            "module.lambda.data.archive_file.function_archives",
            "module.s3.aws_s3_bucket.app_bucket",
            "random_id.bucket_suffix"
          ]
        },
        {
          "index_key": "getUser",
          "schema_version": 0,
          "attributes": {
            "arn": "arn:aws:logs:us-east-1:409365783261:log-group:/aws/lambda/UpCount-dev-getUser",
            "id": "/aws/lambda/UpCount-dev-getUser",
            "kms_key_id": "",
            "log_group_class": "STANDARD",
            "name": "/aws/lambda/UpCount-dev-getUser",
            "name_prefix": "",
            "retention_in_days": 7,
            "skip_destroy": false,
            "tags": {
              "Environment": "dev",
              "ManagedBy": "Terraform",
              "Name": "/aws/lambda/UpCount-dev-getUser",
              "Project": "UpCount"
            },
            "tags_all": {
              "Environment": "dev",
              "ManagedBy": "Terraform",
              "Name": "/aws/lambda/UpCount-dev-getUser",
              "Project": "UpCount"
            }
          },
          "sensitive_attributes": [],
          "private": "bnVsbA==",
          "dependencies": [
            "module.cognito.aws_cognito_user_pool.user_pool",
            "module.cognito.aws_cognito_user_pool_client.mobile_client",
            "module.cognito.aws_cognito_user_pool_client.web_client",
            "module.dynamodb.aws_dynamodb_table.goals_table",
            "module.dynamodb.aws_dynamodb_table.logs_table",
            "module.dynamodb.aws_dynamodb_table.users_table",
            "module.lambda.aws_iam_role.lambda_role",
            "module.lambda.aws_lambda_function.function",
            "module.lambda.data.archive_file.function_archives",
            "module.s3.aws_s3_bucket.app_bucket",
            "random_id.bucket_suffix"
          ]
        }
      ]
    },
    {
      "module": "module.lambda",
      "mode": "managed",
      "type": "aws_iam_policy",
      "name": "lambda_execution_policy",
      "provider": "provider[\"registry.terraform.io/hashicorp/aws\"]",
      "instances": [
        {
          "index_key": "createGoal",
          "schema_version": 0,
          "attributes": {
            "arn": "arn:aws:iam::409365783261:policy/UpCount-dev-createGoal-execution-policy",
            "attachment_count": 1,
            "description": "IAM policy for Lambda function createGoal execution",
            "id": "arn:aws:iam::409365783261:policy/UpCount-dev-createGoal-execution-policy",
            "name": "UpCount-dev-createGoal-execution-policy",
            "name_prefix": "",
            "path": "/",
            "policy": "{\"Statement\":[{\"Action\":[\"logs:CreateLogGroup\",\"logs:CreateLogStream\",\"logs:PutLogEvents\"],\"Effect\":\"Allow\",\"Resource\":\"arn:aws:logs:*:*:*\"}],\"Version\":\"2012-10-17\"}",
            "policy_id": "ANPAV6UA2ELO76R7JESRZ",
            "tags": {},
            "tags_all": {}
          },
          "sensitive_attributes": [],
          "private": "bnVsbA==",
          "dependencies": [
            "module.dynamodb.aws_dynamodb_table.goals_table",
            "module.dynamodb.aws_dynamodb_table.users_table"
          ]
        },
        {
          "index_key": "getUser",
          "schema_version": 0,
          "attributes": {
            "arn": "arn:aws:iam::409365783261:policy/UpCount-dev-getUser-execution-policy",
            "attachment_count": 1,
            "description": "IAM policy for Lambda function getUser execution",
            "id": "arn:aws:iam::409365783261:policy/UpCount-dev-getUser-execution-policy",
            "name": "UpCount-dev-getUser-execution-policy",
            "name_prefix": "",
            "path": "/",
            "policy": "{\"Statement\":[{\"Action\":[\"logs:CreateLogGroup\",\"logs:CreateLogStream\",\"logs:PutLogEvents\"],\"Effect\":\"Allow\",\"Resource\":\"arn:aws:logs:*:*:*\"}],\"Version\":\"2012-10-17\"}",
            "policy_id": "ANPAV6UA2ELO7WRHHB2N4",
            "tags": {},
            "tags_all": {}
          },
          "sensitive_attributes": [],
          "private": "bnVsbA==",
          "dependencies": [
            "module.dynamodb.aws_dynamodb_table.goals_table",
            "module.dynamodb.aws_dynamodb_table.users_table"
          ]
        }
      ]
    },
    {
      "module": "module.lambda",
      "mode": "managed",
      "type": "aws_iam_role",
      "name": "lambda_role",
      "provider": "provider[\"registry.terraform.io/hashicorp/aws\"]",
      "instances": [
        {
          "index_key": "createGoal",
          "schema_version": 0,
          "attributes": {
            "arn": "arn:aws:iam::409365783261:role/UpCount-dev-createGoal-role",
            "assume_role_policy": "{\"Statement\":[{\"Action\":\"sts:AssumeRole\",\"Effect\":\"Allow\",\"Principal\":{\"Service\":\"lambda.amazonaws.com\"}}],\"Version\":\"2012-10-17\"}",
            "create_date": "2025-05-06T03:29:18Z",
            "description": "",
            "force_detach_policies": false,
            "id": "UpCount-dev-createGoal-role",
            "inline_policy": [],
            "managed_policy_arns": [
              "arn:aws:iam::409365783261:policy/UpCount-dev-createGoal-execution-policy"
            ],
            "max_session_duration": 3600,
            "name": "UpCount-dev-createGoal-role",
            "name_prefix": "",
            "path": "/",
            "permissions_boundary": "",
            "tags": {
              "Environment": "dev",
              "ManagedBy": "Terraform",
              "Name": "UpCount-dev-createGoal-role",
              "Project": "UpCount"
            },
            "tags_all": {
              "Environment": "dev",
              "ManagedBy": "Terraform",
              "Name": "UpCount-dev-createGoal-role",
              "Project": "UpCount"
            },
            "unique_id": "AROAV6UA2ELO4VQOLTRWR"
          },
          "sensitive_attributes": [],
          "private": "bnVsbA==",
          "dependencies": [
            "module.dynamodb.aws_dynamodb_table.goals_table",
            "module.dynamodb.aws_dynamodb_table.users_table"
          ]
        },
        {
          "index_key": "getUser",
          "schema_version": 0,
          "attributes": {
            "arn": "arn:aws:iam::409365783261:role/UpCount-dev-getUser-role",
            "assume_role_policy": "{\"Statement\":[{\"Action\":\"sts:AssumeRole\",\"Effect\":\"Allow\",\"Principal\":{\"Service\":\"lambda.amazonaws.com\"}}],\"Version\":\"2012-10-17\"}",
            "create_date": "2025-05-06T03:29:18Z",
            "description": "",
            "force_detach_policies": false,
            "id": "UpCount-dev-getUser-role",
            "inline_policy": [],
            "managed_policy_arns": [
              "arn:aws:iam::409365783261:policy/UpCount-dev-getUser-execution-policy"
            ],
            "max_session_duration": 3600,
            "name": "UpCount-dev-getUser-role",
            "name_prefix": "",
            "path": "/",
            "permissions_boundary": "",
            "tags": {
              "Environment": "dev",
              "ManagedBy": "Terraform",
              "Name": "UpCount-dev-getUser-role",
              "Project": "UpCount"
            },
            "tags_all": {
              "Environment": "dev",
              "ManagedBy": "Terraform",
              "Name": "UpCount-dev-getUser-role",
              "Project": "UpCount"
            },
            "unique_id": "AROAV6UA2ELOSLZSEY24J"
          },
          "sensitive_attributes": [],
          "private": "bnVsbA==",
          "dependencies": [
            "module.dynamodb.aws_dynamodb_table.goals_table",
            "module.dynamodb.aws_dynamodb_table.users_table"
          ]
        }
      ]
    },
    {
      "module": "module.lambda",
      "mode": "managed",
      "type": "aws_iam_role_policy_attachment",
      "name": "lambda_policy_attachment",
      "provider": "provider[\"registry.terraform.io/hashicorp/aws\"]",
      "instances": [
        {
          "index_key": "createGoal",
          "schema_version": 0,
          "attributes": {
            "id": "UpCount-dev-createGoal-role-20250506032918913900000001",
            "policy_arn": "arn:aws:iam::409365783261:policy/UpCount-dev-createGoal-execution-policy",
            "role": "UpCount-dev-createGoal-role"
          },
          "sensitive_attributes": [],
          "private": "bnVsbA==",
          "dependencies": [
            "module.dynamodb.aws_dynamodb_table.goals_table",
            "module.dynamodb.aws_dynamodb_table.users_table",
            "module.lambda.aws_iam_policy.lambda_execution_policy",
            "module.lambda.aws_iam_role.lambda_role"
          ]
        },
        {
          "index_key": "getUser",
          "schema_version": 0,
          "attributes": {
            "id": "UpCount-dev-getUser-role-20250506032918934300000002",
            "policy_arn": "arn:aws:iam::409365783261:policy/UpCount-dev-getUser-execution-policy",
            "role": "UpCount-dev-getUser-role"
          },
          "sensitive_attributes": [],
          "private": "bnVsbA==",
          "dependencies": [
            "module.dynamodb.aws_dynamodb_table.goals_table",
            "module.dynamodb.aws_dynamodb_table.users_table",
            "module.lambda.aws_iam_policy.lambda_execution_policy",
            "module.lambda.aws_iam_role.lambda_role"
          ]
        }
      ]
    },
    {
      "module": "module.lambda",
      "mode": "managed",
      "type": "aws_lambda_function",
      "name": "function",
      "provider": "provider[\"registry.terraform.io/hashicorp/aws\"]",
      "instances": [
        {
          "index_key": "createGoal",
          "schema_version": 0,
          "attributes": {
            "architectures": [
              "x86_64"
            ],
            "arn": "arn:aws:lambda:us-east-1:409365783261:function:UpCount-dev-createGoal",
            "code_sha256": "d/EnleA8vGF32TnLskgq4GqpvplkXvgT06KSBc6dFLU=",
            "code_signing_config_arn": "",
            "dead_letter_config": [],
            "description": "Create a new goal",
            "environment": [
              {
                "variables": {
                  "ENVIRONMENT": "dev",
                  "GOALS_TABLE": "UpCount-dev-Goals",
                  "GOALS_TABLE_NAME": "UpCount-dev-Goals",
                  "LOGS_TABLE_NAME": "UpCount-dev-Logs",
                  "MOBILE_CLIENT_ID": "3hnuaau7ttv2j1lm1qgv3mp8dl",
                  "STORAGE_BUCKET": "upcount-dev-storage-655c0be7",
                  "USERS_TABLE_NAME": "UpCount-dev-Users",
                  "USER_POOL_ID": "us-east-1_65jZmVv9N",
                  "WEB_CLIENT_ID": "619sj90c9tule6r1o308skvm4i"
                }
              }
            ],
            "ephemeral_storage": [
              {
                "size": 512
              }
            ],
            "file_system_config": [],
            "filename": "modules/lambda/archives/createGoal.zip",
            "function_name": "UpCount-dev-createGoal",
            "handler": "createGoal.handler",
            "id": "UpCount-dev-createGoal",
            "image_config": [],
            "image_uri": "",
            "invoke_arn": "arn:aws:apigateway:us-east-1:lambda:path/2015-03-31/functions/arn:aws:lambda:us-east-1:409365783261:function:UpCount-dev-createGoal/invocations",
            "kms_key_arn": "",
            "last_modified": "2025-05-06T03:38:23.000+0000",
            "layers": [],
            "logging_config": [
              {
                "application_log_level": "",
                "log_format": "Text",
                "log_group": "/aws/lambda/UpCount-dev-createGoal",
                "system_log_level": ""
              }
            ],
            "memory_size": 256,
            "package_type": "Zip",
            "publish": false,
            "qualified_arn": "arn:aws:lambda:us-east-1:409365783261:function:UpCount-dev-createGoal:$LATEST",
            "qualified_invoke_arn": "arn:aws:apigateway:us-east-1:lambda:path/2015-03-31/functions/arn:aws:lambda:us-east-1:409365783261:function:UpCount-dev-createGoal:$LATEST/invocations",
            "replace_security_groups_on_destroy": null,
            "replacement_security_group_ids": null,
            "reserved_concurrent_executions": -1,
            "role": "arn:aws:iam::409365783261:role/UpCount-dev-createGoal-role",
            "runtime": "nodejs14.x",
            "s3_bucket": null,
            "s3_key": null,
            "s3_object_version": null,
            "signing_job_arn": "",
            "signing_profile_version_arn": "",
            "skip_destroy": false,
            "snap_start": [],
            "source_code_hash": "GsQPBJjEi/0Jgo25rfFmnnBBDQyx6y21gHclJjFe9nw=",
            "source_code_size": 1234,
            "tags": {
              "Environment": "dev",
              "ManagedBy": "Terraform",
              "Name": "UpCount-dev-createGoal",
              "Project": "UpCount"
            },
            "tags_all": {
              "Environment": "dev",
              "ManagedBy": "Terraform",
              "Name": "UpCount-dev-createGoal",
              "Project": "UpCount"
            },
            "timeout": 30,
            "timeouts": null,
            "tracing_config": [
              {
                "mode": "PassThrough"
              }
            ],
            "version": "$LATEST",
            "vpc_config": []
          },
          "sensitive_attributes": [],
          "private": "eyJlMmJmYjczMC1lY2FhLTExZTYtOGY4OC0zNDM2M2JjN2M0YzAiOnsiY3JlYXRlIjo2MDAwMDAwMDAwMDAsImRlbGV0ZSI6NjAwMDAwMDAwMDAwLCJ1cGRhdGUiOjYwMDAwMDAwMDAwMH19",
          "dependencies": [
            "module.cognito.aws_cognito_user_pool.user_pool",
            "module.cognito.aws_cognito_user_pool_client.mobile_client",
            "module.cognito.aws_cognito_user_pool_client.web_client",
            "module.dynamodb.aws_dynamodb_table.goals_table",
            "module.dynamodb.aws_dynamodb_table.logs_table",
            "module.dynamodb.aws_dynamodb_table.users_table",
            "module.lambda.aws_iam_role.lambda_role",
            "module.lambda.data.archive_file.function_archives",
            "module.s3.aws_s3_bucket.app_bucket",
            "random_id.bucket_suffix"
          ]
        },
        {
          "index_key": "getUser",
          "schema_version": 0,
          "attributes": {
            "architectures": [
              "x86_64"
            ],
            "arn": "arn:aws:lambda:us-east-1:409365783261:function:UpCount-dev-getUser",
            "code_sha256": "6JTraUKN94eiKTiH6Krcia8AF8DSfL9HA9CdWRWSWVk=",
            "code_signing_config_arn": "",
            "dead_letter_config": [],
            "description": "Get user information",
            "environment": [
              {
                "variables": {
                  "ENVIRONMENT": "dev",
                  "GOALS_TABLE_NAME": "UpCount-dev-Goals",
                  "LOGS_TABLE_NAME": "UpCount-dev-Logs",
                  "MOBILE_CLIENT_ID": "3hnuaau7ttv2j1lm1qgv3mp8dl",
                  "STORAGE_BUCKET": "upcount-dev-storage-655c0be7",
                  "USERS_TABLE": "UpCount-dev-Users",
                  "USERS_TABLE_NAME": "UpCount-dev-Users",
                  "USER_POOL_ID": "us-east-1_65jZmVv9N",
                  "WEB_CLIENT_ID": "619sj90c9tule6r1o308skvm4i"
                }
              }
            ],
            "ephemeral_storage": [
              {
                "size": 512
              }
            ],
            "file_system_config": [],
            "filename": "modules/lambda/archives/getUser.zip",
            "function_name": "UpCount-dev-getUser",
            "handler": "getUser.handler",
            "id": "UpCount-dev-getUser",
            "image_config": [],
            "image_uri": "",
            "invoke_arn": "arn:aws:apigateway:us-east-1:lambda:path/2015-03-31/functions/arn:aws:lambda:us-east-1:409365783261:function:UpCount-dev-getUser/invocations",
            "kms_key_arn": "",
            "last_modified": "2025-05-06T03:38:23.000+0000",
            "layers": [],
            "logging_config": [
              {
                "application_log_level": "",
                "log_format": "Text",
                "log_group": "/aws/lambda/UpCount-dev-getUser",
                "system_log_level": ""
              }
            ],
            "memory_size": 256,
            "package_type": "Zip",
            "publish": false,
            "qualified_arn": "arn:aws:lambda:us-east-1:409365783261:function:UpCount-dev-getUser:$LATEST",
            "qualified_invoke_arn": "arn:aws:apigateway:us-east-1:lambda:path/2015-03-31/functions/arn:aws:lambda:us-east-1:409365783261:function:UpCount-dev-getUser:$LATEST/invocations",
            "replace_security_groups_on_destroy": null,
            "replacement_security_group_ids": null,
            "reserved_concurrent_executions": -1,
            "role": "arn:aws:iam::409365783261:role/UpCount-dev-getUser-role",
            "runtime": "nodejs14.x",
            "s3_bucket": null,
            "s3_key": null,
            "s3_object_version": null,
            "signing_job_arn": "",
            "signing_profile_version_arn": "",
            "skip_destroy": false,
            "snap_start": [],
            "source_code_hash": "GsQPBJjEi/0Jgo25rfFmnnBBDQyx6y21gHclJjFe9nw=",
            "source_code_size": 1114,
            "tags": {
              "Environment": "dev",
              "ManagedBy": "Terraform",
              "Name": "UpCount-dev-getUser",
              "Project": "UpCount"
            },
            "tags_all": {
              "Environment": "dev",
              "ManagedBy": "Terraform",
              "Name": "UpCount-dev-getUser",
              "Project": "UpCount"
            },
            "timeout": 30,
            "timeouts": null,
            "tracing_config": [
              {
                "mode": "PassThrough"
              }
            ],
            "version": "$LATEST",
            "vpc_config": []
          },
          "sensitive_attributes": [],
          "private": "eyJlMmJmYjczMC1lY2FhLTExZTYtOGY4OC0zNDM2M2JjN2M0YzAiOnsiY3JlYXRlIjo2MDAwMDAwMDAwMDAsImRlbGV0ZSI6NjAwMDAwMDAwMDAwLCJ1cGRhdGUiOjYwMDAwMDAwMDAwMH19",
          "dependencies": [
            "module.cognito.aws_cognito_user_pool.user_pool",
            "module.cognito.aws_cognito_user_pool_client.mobile_client",
            "module.cognito.aws_cognito_user_pool_client.web_client",
            "module.dynamodb.aws_dynamodb_table.goals_table",
            "module.dynamodb.aws_dynamodb_table.logs_table",
            "module.dynamodb.aws_dynamodb_table.users_table",
            "module.lambda.aws_iam_role.lambda_role",
            "module.lambda.data.archive_file.function_archives",
            "module.s3.aws_s3_bucket.app_bucket",
            "random_id.bucket_suffix"
          ]
        }
      ]
    },
    {
      "module": "module.s3",
      "mode": "managed",
      "type": "aws_s3_bucket",
      "name": "app_bucket",
      "provider": "provider[\"registry.terraform.io/hashicorp/aws\"]",
      "instances": [
        {
          "schema_version": 0,
          "attributes": {
            "acceleration_status": "",
            "acl": null,
            "arn": "arn:aws:s3:::upcount-dev-storage-655c0be7",
            "bucket": "upcount-dev-storage-655c0be7",
            "bucket_domain_name": "upcount-dev-storage-655c0be7.s3.amazonaws.com",
            "bucket_prefix": "",
            "bucket_regional_domain_name": "upcount-dev-storage-655c0be7.s3.us-east-1.amazonaws.com",
            "cors_rule": [
              {
                "allowed_headers": [
                  "*"
                ],
                "allowed_methods": [
                  "POST",
                  "GET",
                  "HEAD",
                  "DELETE",
                  "PUT"
                ],
                "allowed_origins": [
                  "*"
                ],
                "expose_headers": [
                  "ETag"
                ],
                "max_age_seconds": 3600
              }
            ],
            "force_destroy": false,
            "grant": [
              {
                "id": "1e86825fe44b4b5b531a2224c615cc2d0d1e4666a043ab7e7c834363ac1a53f1",
                "permissions": [
                  "FULL_CONTROL"
                ],
                "type": "CanonicalUser",
                "uri": ""
              }
            ],
            "hosted_zone_id": "Z3AQBSTGFYJSTF",
            "id": "upcount-dev-storage-655c0be7",
            "lifecycle_rule": [],
            "logging": [],
            "object_lock_configuration": [],
            "object_lock_enabled": false,
            "policy": "",
            "region": "us-east-1",
            "replication_configuration": [],
            "request_payer": "BucketOwner",
            "server_side_encryption_configuration": [
              {
                "rule": [
                  {
                    "apply_server_side_encryption_by_default": [
                      {
                        "kms_master_key_id": "",
                        "sse_algorithm": "AES256"
                      }
                    ],
                    "bucket_key_enabled": false
                  }
                ]
              }
            ],
            "tags": {
              "Environment": "dev",
              "ManagedBy": "Terraform",
              "Name": "upcount-dev-storage-655c0be7",
              "Project": "UpCount"
            },
            "tags_all": {
              "Environment": "dev",
              "ManagedBy": "Terraform",
              "Name": "upcount-dev-storage-655c0be7",
              "Project": "UpCount"
            },
            "timeouts": null,
            "versioning": [
              {
                "enabled": false,
                "mfa_delete": false
              }
            ],
            "website": [],
            "website_domain": null,
            "website_endpoint": null
          },
          "sensitive_attributes": [],
          "private": "eyJlMmJmYjczMC1lY2FhLTExZTYtOGY4OC0zNDM2M2JjN2M0YzAiOnsiY3JlYXRlIjoxMjAwMDAwMDAwMDAwLCJkZWxldGUiOjM2MDAwMDAwMDAwMDAsInJlYWQiOjEyMDAwMDAwMDAwMDAsInVwZGF0ZSI6MTIwMDAwMDAwMDAwMH19",
          "dependencies": [
            "random_id.bucket_suffix"
          ]
        }
      ]
    },
    {
      "module": "module.s3",
      "mode": "managed",
      "type": "aws_s3_bucket_cors_configuration",
      "name": "app_bucket_cors",
      "provider": "provider[\"registry.terraform.io/hashicorp/aws\"]",
      "instances": [
        {
          "index_key": 0,
          "schema_version": 0,
          "attributes": {
            "bucket": "upcount-dev-storage-655c0be7",
            "cors_rule": [
              {
                "allowed_headers": [
                  "*"
                ],
                "allowed_methods": [
                  "DELETE",
                  "GET",
                  "HEAD",
                  "POST",
                  "PUT"
                ],
                "allowed_origins": [
                  "*"
                ],
                "expose_headers": [
                  "ETag"
                ],
                "id": "",
                "max_age_seconds": 3600
              }
            ],
            "expected_bucket_owner": "",
            "id": "upcount-dev-storage-655c0be7"
          },
          "sensitive_attributes": [],
          "private": "bnVsbA==",
          "dependencies": [
            "module.s3.aws_s3_bucket.app_bucket",
            "random_id.bucket_suffix"
          ]
        }
      ]
    },
    {
      "module": "module.s3",
      "mode": "managed",
      "type": "aws_s3_bucket_ownership_controls",
      "name": "app_bucket_ownership",
      "provider": "provider[\"registry.terraform.io/hashicorp/aws\"]",
      "instances": [
        {
          "schema_version": 0,
          "attributes": {
            "bucket": "upcount-dev-storage-655c0be7",
            "id": "upcount-dev-storage-655c0be7",
            "rule": [
              {
                "object_ownership": "BucketOwnerPreferred"
              }
            ]
          },
          "sensitive_attributes": [],
          "private": "bnVsbA==",
          "dependencies": [
            "module.s3.aws_s3_bucket.app_bucket",
            "random_id.bucket_suffix"
          ]
        }
      ]
    },
    {
      "module": "module.s3",
      "mode": "managed",
      "type": "aws_s3_bucket_public_access_block",
      "name": "app_bucket_public_access",
      "provider": "provider[\"registry.terraform.io/hashicorp/aws\"]",
      "instances": [
        {
          "schema_version": 0,
          "attributes": {
            "block_public_acls": true,
            "block_public_policy": true,
            "bucket": "upcount-dev-storage-655c0be7",
            "id": "upcount-dev-storage-655c0be7",
            "ignore_public_acls": true,
            "restrict_public_buckets": true
          },
          "sensitive_attributes": [],
          "private": "bnVsbA==",
          "dependencies": [
            "module.s3.aws_s3_bucket.app_bucket",
            "random_id.bucket_suffix"
          ]
        }
      ]
    },
    {
      "module": "module.s3",
      "mode": "managed",
      "type": "aws_s3_bucket_server_side_encryption_configuration",
      "name": "app_bucket_encryption",
      "provider": "provider[\"registry.terraform.io/hashicorp/aws\"]",
      "instances": [
        {
          "schema_version": 0,
          "attributes": {
            "bucket": "upcount-dev-storage-655c0be7",
            "expected_bucket_owner": "",
            "id": "upcount-dev-storage-655c0be7",
            "rule": [
              {
                "apply_server_side_encryption_by_default": [
                  {
                    "kms_master_key_id": "",
                    "sse_algorithm": "AES256"
                  }
                ],
                "bucket_key_enabled": false
              }
            ]
          },
          "sensitive_attributes": [],
          "private": "bnVsbA==",
          "dependencies": [
            "module.s3.aws_s3_bucket.app_bucket",
            "random_id.bucket_suffix"
          ]
        }
      ]
    }
  ],
  "check_results": null
}
